
Microsoft Visual Studio Solution File, Format Version 12.00
# Visual Studio Version 16
VisualStudioVersion = 16.0.30611.23
MinimumVisualStudioVersion = 10.0.40219.1
Project("{9A19103F-16F7-4668-BE54-9A1E7A4F7556}") = "Model.Crud.NetCore.API", "CrudNetCore.API\Model.Crud.NetCore.API.csproj", "{7C86EFBC-B7D1-4968-8153-D306467487A9}"
EndProject
Project("{9A19103F-16F7-4668-BE54-9A1E7A4F7556}") = "Model.Crud.NetCore.Domain", "Model.Crud.NetCore.Domain\Model.Crud.NetCore.Domain.csproj", "{3589C0C8-2923-448B-BA48-88F1BD1EEB88}"
EndProject
Project("{9A19103F-16F7-4668-BE54-9A1E7A4F7556}") = "Model.Crud.NetCore.Data", "Model.Crud.NetCore.Data\Model.Crud.NetCore.Data.csproj", "{D0615A94-258D-45AC-8B32-107BA81364B1}"
EndProject
Project("{FAE04EC0-301F-11D3-BF4B-00C04F79EFBC}") = "Model.Crud.NetCore.Application", "Model.Crud.NetCore.Application\Model.Crud.NetCore.Application.csproj", "{A89C6DBE-496D-43E9-BCE0-0291400567C8}"
EndProject
Global
	GlobalSection(SolutionConfigurationPlatforms) = preSolution
		Debug|Any CPU = Debug|Any CPU
		Release|Any CPU = Release|Any CPU
	EndGlobalSection
	GlobalSection(ProjectConfigurationPlatforms) = postSolution
		{7C86EFBC-B7D1-4968-8153-D306467487A9}.Debug|Any CPU.ActiveCfg = Debug|Any CPU
		{7C86EFBC-B7D1-4968-8153-D306467487A9}.Debug|Any CPU.Build.0 = Debug|Any CPU
		{7C86EFBC-B7D1-4968-8153-D306467487A9}.Release|Any CPU.ActiveCfg = Release|Any CPU
		{7C86EFBC-B7D1-4968-8153-D306467487A9}.Release|Any CPU.Build.0 = Release|Any CPU
		{3589C0C8-2923-448B-BA48-88F1BD1EEB88}.Debug|Any CPU.ActiveCfg = Debug|Any CPU
		{3589C0C8-2923-448B-BA48-88F1BD1EEB88}.Debug|Any CPU.Build.0 = Debug|Any CPU
		{3589C0C8-2923-448B-BA48-88F1BD1EEB88}.Release|Any CPU.ActiveCfg = Release|Any CPU
		{3589C0C8-2923-448B-BA48-88F1BD1EEB88}.Release|Any CPU.Build.0 = Release|Any CPU
		{D0615A94-258D-45AC-8B32-107BA81364B1}.Debug|Any CPU.ActiveCfg = Debug|Any CPU
		{D0615A94-258D-45AC-8B32-107BA81364B1}.Debug|Any CPU.Build.0 = Debug|Any CPU
		{D0615A94-258D-45AC-8B32-107BA81364B1}.Release|Any CPU.ActiveCfg = Release|Any CPU
		{D0615A94-258D-45AC-8B32-107BA81364B1}.Release|Any CPU.Build.0 = Release|Any CPU
		{A89C6DBE-496D-43E9-BCE0-0291400567C8}.Debug|Any CPU.ActiveCfg = Debug|Any CPU
		{A89C6DBE-496D-43E9-BCE0-0291400567C8}.Debug|Any CPU.Build.0 = Debug|Any CPU
		{A89C6DBE-496D-43E9-BCE0-0291400567C8}.Release|Any CPU.ActiveCfg = Release|Any CPU
		{A89C6DBE-496D-43E9-BCE0-0291400567C8}.Release|Any CPU.Build.0 = Release|Any CPU
	EndGlobalSection
	GlobalSection(SolutionProperties) = preSolution
		HideSolutionNode = FALSE
	EndGlobalSection
	GlobalSection(ExtensibilityGlobals) = postSolution
		SolutionGuid = {44990C62-BAC4-4A4F-86F6-9C020CE06AF5}
	EndGlobalSection
EndGlobal
